
Microsoft Visual Studio Solution File, Format Version 12.00
# Visual Studio Version 17
VisualStudioVersion = 17.5.002.0
MinimumVisualStudioVersion = 10.0.40219.1
Project("{9A19103F-16F7-4668-BE54-9A1E7A4F7556}") = "filtro", "filtro.csproj", "{034423A2-31D2-4528-AD87-367E815753B5}"
EndProject
Global
	GlobalSection(SolutionConfigurationPlatforms) = preSolution
		Debug|Any CPU = Debug|Any CPU
		Release|Any CPU = Release|Any CPU
	EndGlobalSection
	GlobalSection(ProjectConfigurationPlatforms) = postSolution
		{034423A2-31D2-4528-AD87-367E815753B5}.Debug|Any CPU.ActiveCfg = Debug|Any CPU
		{034423A2-31D2-4528-AD87-367E815753B5}.Debug|Any CPU.Build.0 = Debug|Any CPU
		{034423A2-31D2-4528-AD87-367E815753B5}.Release|Any CPU.ActiveCfg = Release|Any CPU
		{034423A2-31D2-4528-AD87-367E815753B5}.Release|Any CPU.Build.0 = Release|Any CPU
	EndGlobalSection
	GlobalSection(SolutionProperties) = preSolution
		HideSolutionNode = FALSE
	EndGlobalSection
	GlobalSection(ExtensibilityGlobals) = postSolution
		SolutionGuid = {122D352A-8697-4D31-8F87-EB7DB8DBFEE9}
	EndGlobalSection
EndGlobal
